
Microsoft Visual Studio Solution File, Format Version 12.00
# Visual Studio Version 17
VisualStudioVersion = 17.12.35506.116 d17.12
MinimumVisualStudioVersion = 10.0.40219.1
Project("{FAE04EC0-301F-11D3-BF4B-00C04F79EFBC}") = "MyWebWithEF", "MyWebWithEF\MyWebWithEF.csproj", "{2ECE2FEE-E64C-4D63-B2B7-5FF59EEC09D3}"
EndProject
Project("{FAE04EC0-301F-11D3-BF4B-00C04F79EFBC}") = "MyWebWithEF.DAL", "MyWebWithEF.DAL\MyWebWithEF.DAL.csproj", "{5C6F2676-1F17-453E-905B-E2F7F988F25A}"
EndProject
Project("{FAE04EC0-301F-11D3-BF4B-00C04F79EFBC}") = "MyWebWithEF.BLL", "MyWebWithEF.BLL\MyWebWithEF.BLL.csproj", "{8137EF4A-9EED-43B5-ACAE-BE65B7C3158D}"
EndProject
Global
	GlobalSection(SolutionConfigurationPlatforms) = preSolution
		Debug|Any CPU = Debug|Any CPU
		Release|Any CPU = Release|Any CPU
	EndGlobalSection
	GlobalSection(ProjectConfigurationPlatforms) = postSolution
		{2ECE2FEE-E64C-4D63-B2B7-5FF59EEC09D3}.Debug|Any CPU.ActiveCfg = Debug|Any CPU
		{2ECE2FEE-E64C-4D63-B2B7-5FF59EEC09D3}.Debug|Any CPU.Build.0 = Debug|Any CPU
		{2ECE2FEE-E64C-4D63-B2B7-5FF59EEC09D3}.Release|Any CPU.ActiveCfg = Release|Any CPU
		{2ECE2FEE-E64C-4D63-B2B7-5FF59EEC09D3}.Release|Any CPU.Build.0 = Release|Any CPU
		{5C6F2676-1F17-453E-905B-E2F7F988F25A}.Debug|Any CPU.ActiveCfg = Debug|Any CPU
		{5C6F2676-1F17-453E-905B-E2F7F988F25A}.Debug|Any CPU.Build.0 = Debug|Any CPU
		{5C6F2676-1F17-453E-905B-E2F7F988F25A}.Release|Any CPU.ActiveCfg = Release|Any CPU
		{5C6F2676-1F17-453E-905B-E2F7F988F25A}.Release|Any CPU.Build.0 = Release|Any CPU
		{8137EF4A-9EED-43B5-ACAE-BE65B7C3158D}.Debug|Any CPU.ActiveCfg = Debug|Any CPU
		{8137EF4A-9EED-43B5-ACAE-BE65B7C3158D}.Debug|Any CPU.Build.0 = Debug|Any CPU
		{8137EF4A-9EED-43B5-ACAE-BE65B7C3158D}.Release|Any CPU.ActiveCfg = Release|Any CPU
		{8137EF4A-9EED-43B5-ACAE-BE65B7C3158D}.Release|Any CPU.Build.0 = Release|Any CPU
	EndGlobalSection
	GlobalSection(SolutionProperties) = preSolution
		HideSolutionNode = FALSE
	EndGlobalSection
EndGlobal
